<?xml version="1.0" encoding="utf-8"?>
<Project ToolsVersion="4.0" xmlns="http://schemas.microsoft.com/developer/msbuild/2003">
  <ItemGroup>
    <ClCompile Include="src\ofApp.cpp">
      <Filter>src</Filter>
    </ClCompile>
    <ClCompile Include="src\main.cpp">
      <Filter>src</Filter>
    </ClCompile>
    <ClCompile Include="src\aicpp.cpp">
      <Filter>src</Filter>
    </ClCompile>
    <ClCompile Include="src\car.cpp">
      <Filter>src</Filter>
    </ClCompile>
    <ClCompile Include="src\main.cpp">
      <Filter>src</Filter>
    </ClCompile>
    <ClCompile Include="src\ofApp.cpp">
      <Filter>src</Filter>
    </ClCompile>
    <ClCompile Include="src\track.cpp">
      <Filter>src</Filter>
    </ClCompile>
    <ClCompile Include="..\..\..\addons\ofxBox2d-stable\src\ofxBox2d.cpp">
      <Filter>addons\ofxBox2d-stable\src</Filter>
    </ClCompile>
    <ClCompile Include="..\..\..\addons\ofxBox2d-stable\src\ofxBox2dBaseShape.cpp">
      <Filter>addons\ofxBox2d-stable\src</Filter>
    </ClCompile>
    <ClCompile Include="..\..\..\addons\ofxBox2d-stable\src\ofxBox2dCircle.cpp">
      <Filter>addons\ofxBox2d-stable\src</Filter>
    </ClCompile>
    <ClCompile Include="..\..\..\addons\ofxBox2d-stable\src\ofxBox2dConvexPoly.cpp">
      <Filter>addons\ofxBox2d-stable\src</Filter>
    </ClCompile>
    <ClCompile Include="..\..\..\addons\ofxBox2d-stable\src\ofxBox2dEdge.cpp">
      <Filter>addons\ofxBox2d-stable\src</Filter>
    </ClCompile>
    <ClCompile Include="..\..\..\addons\ofxBox2d-stable\src\ofxBox2dJoint.cpp">
      <Filter>addons\ofxBox2d-stable\src</Filter>
    </ClCompile>
    <ClCompile Include="..\..\..\addons\ofxBox2d-stable\src\ofxBox2dPolygon.cpp">
      <Filter>addons\ofxBox2d-stable\src</Filter>
    </ClCompile>
    <ClCompile Include="..\..\..\addons\ofxBox2d-stable\src\ofxBox2dRect.cpp">
      <Filter>addons\ofxBox2d-stable\src</Filter>
    </ClCompile>
    <ClCompile Include="..\..\..\addons\ofxBox2d-stable\libs\Box2D\Collision\b2BroadPhase.cpp">
      <Filter>addons\ofxBox2d-stable\libs\Box2D\Collision</Filter>
    </ClCompile>
    <ClCompile Include="..\..\..\addons\ofxBox2d-stable\libs\Box2D\Collision\b2CollideCircle.cpp">
      <Filter>addons\ofxBox2d-stable\libs\Box2D\Collision</Filter>
    </ClCompile>
    <ClCompile Include="..\..\..\addons\ofxBox2d-stable\libs\Box2D\Collision\b2CollideEdge.cpp">
      <Filter>addons\ofxBox2d-stable\libs\Box2D\Collision</Filter>
    </ClCompile>
    <ClCompile Include="..\..\..\addons\ofxBox2d-stable\libs\Box2D\Collision\b2CollidePolygon.cpp">
      <Filter>addons\ofxBox2d-stable\libs\Box2D\Collision</Filter>
    </ClCompile>
    <ClCompile Include="..\..\..\addons\ofxBox2d-stable\libs\Box2D\Collision\b2Collision.cpp">
      <Filter>addons\ofxBox2d-stable\libs\Box2D\Collision</Filter>
    </ClCompile>
    <ClCompile Include="..\..\..\addons\ofxBox2d-stable\libs\Box2D\Collision\b2Distance.cpp">
      <Filter>addons\ofxBox2d-stable\libs\Box2D\Collision</Filter>
    </ClCompile>
    <ClCompile Include="..\..\..\addons\ofxBox2d-stable\libs\Box2D\Collision\b2DynamicTree.cpp">
      <Filter>addons\ofxBox2d-stable\libs\Box2D\Collision</Filter>
    </ClCompile>
    <ClCompile Include="..\..\..\addons\ofxBox2d-stable\libs\Box2D\Collision\b2TimeOfImpact.cpp">
      <Filter>addons\ofxBox2d-stable\libs\Box2D\Collision</Filter>
    </ClCompile>
    <ClCompile Include="..\..\..\addons\ofxBox2d-stable\libs\Box2D\Collision\Shapes\b2ChainShape.cpp">
      <Filter>addons\ofxBox2d-stable\libs\Box2D\Collision\Shapes</Filter>
    </ClCompile>
    <ClCompile Include="..\..\..\addons\ofxBox2d-stable\libs\Box2D\Collision\Shapes\b2CircleShape.cpp">
      <Filter>addons\ofxBox2d-stable\libs\Box2D\Collision\Shapes</Filter>
    </ClCompile>
    <ClCompile Include="..\..\..\addons\ofxBox2d-stable\libs\Box2D\Collision\Shapes\b2EdgeShape.cpp">
      <Filter>addons\ofxBox2d-stable\libs\Box2D\Collision\Shapes</Filter>
    </ClCompile>
    <ClCompile Include="..\..\..\addons\ofxBox2d-stable\libs\Box2D\Collision\Shapes\b2PolygonShape.cpp">
      <Filter>addons\ofxBox2d-stable\libs\Box2D\Collision\Shapes</Filter>
    </ClCompile>
    <ClCompile Include="..\..\..\addons\ofxBox2d-stable\libs\Box2D\Common\b2BlockAllocator.cpp">
      <Filter>addons\ofxBox2d-stable\libs\Box2D\Common</Filter>
    </ClCompile>
    <ClCompile Include="..\..\..\addons\ofxBox2d-stable\libs\Box2D\Common\b2Draw.cpp">
      <Filter>addons\ofxBox2d-stable\libs\Box2D\Common</Filter>
    </ClCompile>
    <ClCompile Include="..\..\..\addons\ofxBox2d-stable\libs\Box2D\Common\b2Math.cpp">
      <Filter>addons\ofxBox2d-stable\libs\Box2D\Common</Filter>
    </ClCompile>
    <ClCompile Include="..\..\..\addons\ofxBox2d-stable\libs\Box2D\Common\b2Settings.cpp">
      <Filter>addons\ofxBox2d-stable\libs\Box2D\Common</Filter>
    </ClCompile>
    <ClCompile Include="..\..\..\addons\ofxBox2d-stable\libs\Box2D\Common\b2StackAllocator.cpp">
      <Filter>addons\ofxBox2d-stable\libs\Box2D\Common</Filter>
    </ClCompile>
    <ClCompile Include="..\..\..\addons\ofxBox2d-stable\libs\Box2D\Common\b2Timer.cpp">
      <Filter>addons\ofxBox2d-stable\libs\Box2D\Common</Filter>
    </ClCompile>
    <ClCompile Include="..\..\..\addons\ofxBox2d-stable\libs\Box2D\Dynamics\b2Body.cpp">
      <Filter>addons\ofxBox2d-stable\libs\Box2D\Dynamics</Filter>
    </ClCompile>
    <ClCompile Include="..\..\..\addons\ofxBox2d-stable\libs\Box2D\Dynamics\b2ContactManager.cpp">
      <Filter>addons\ofxBox2d-stable\libs\Box2D\Dynamics</Filter>
    </ClCompile>
    <ClCompile Include="..\..\..\addons\ofxBox2d-stable\libs\Box2D\Dynamics\b2Fixture.cpp">
      <Filter>addons\ofxBox2d-stable\libs\Box2D\Dynamics</Filter>
    </ClCompile>
    <ClCompile Include="..\..\..\addons\ofxBox2d-stable\libs\Box2D\Dynamics\b2Island.cpp">
      <Filter>addons\ofxBox2d-stable\libs\Box2D\Dynamics</Filter>
    </ClCompile>
    <ClCompile Include="..\..\..\addons\ofxBox2d-stable\libs\Box2D\Dynamics\b2World.cpp">
      <Filter>addons\ofxBox2d-stable\libs\Box2D\Dynamics</Filter>
    </ClCompile>
    <ClCompile Include="..\..\..\addons\ofxBox2d-stable\libs\Box2D\Dynamics\b2WorldCallbacks.cpp">
      <Filter>addons\ofxBox2d-stable\libs\Box2D\Dynamics</Filter>
    </ClCompile>
    <ClCompile Include="..\..\..\addons\ofxBox2d-stable\libs\Box2D\Dynamics\Contacts\b2ChainAndCircleContact.cpp">
      <Filter>addons\ofxBox2d-stable\libs\Box2D\Dynamics\Contacts</Filter>
    </ClCompile>
    <ClCompile Include="..\..\..\addons\ofxBox2d-stable\libs\Box2D\Dynamics\Contacts\b2ChainAndPolygonContact.cpp">
      <Filter>addons\ofxBox2d-stable\libs\Box2D\Dynamics\Contacts</Filter>
    </ClCompile>
    <ClCompile Include="..\..\..\addons\ofxBox2d-stable\libs\Box2D\Dynamics\Contacts\b2CircleContact.cpp">
      <Filter>addons\ofxBox2d-stable\libs\Box2D\Dynamics\Contacts</Filter>
    </ClCompile>
    <ClCompile Include="..\..\..\addons\ofxBox2d-stable\libs\Box2D\Dynamics\Contacts\b2Contact.cpp">
      <Filter>addons\ofxBox2d-stable\libs\Box2D\Dynamics\Contacts</Filter>
    </ClCompile>
    <ClCompile Include="..\..\..\addons\ofxBox2d-stable\libs\Box2D\Dynamics\Contacts\b2ContactSolver.cpp">
      <Filter>addons\ofxBox2d-stable\libs\Box2D\Dynamics\Contacts</Filter>
    </ClCompile>
    <ClCompile Include="..\..\..\addons\ofxBox2d-stable\libs\Box2D\Dynamics\Contacts\b2EdgeAndCircleContact.cpp">
      <Filter>addons\ofxBox2d-stable\libs\Box2D\Dynamics\Contacts</Filter>
    </ClCompile>
    <ClCompile Include="..\..\..\addons\ofxBox2d-stable\libs\Box2D\Dynamics\Contacts\b2EdgeAndPolygonContact.cpp">
      <Filter>addons\ofxBox2d-stable\libs\Box2D\Dynamics\Contacts</Filter>
    </ClCompile>
    <ClCompile Include="..\..\..\addons\ofxBox2d-stable\libs\Box2D\Dynamics\Contacts\b2PolygonAndCircleContact.cpp">
      <Filter>addons\ofxBox2d-stable\libs\Box2D\Dynamics\Contacts</Filter>
    </ClCompile>
    <ClCompile Include="..\..\..\addons\ofxBox2d-stable\libs\Box2D\Dynamics\Contacts\b2PolygonContact.cpp">
      <Filter>addons\ofxBox2d-stable\libs\Box2D\Dynamics\Contacts</Filter>
    </ClCompile>
    <ClCompile Include="..\..\..\addons\ofxBox2d-stable\libs\Box2D\Dynamics\Joints\b2DistanceJoint.cpp">
      <Filter>addons\ofxBox2d-stable\libs\Box2D\Dynamics\Joints</Filter>
    </ClCompile>
    <ClCompile Include="..\..\..\addons\ofxBox2d-stable\libs\Box2D\Dynamics\Joints\b2FrictionJoint.cpp">
      <Filter>addons\ofxBox2d-stable\libs\Box2D\Dynamics\Joints</Filter>
    </ClCompile>
    <ClCompile Include="..\..\..\addons\ofxBox2d-stable\libs\Box2D\Dynamics\Joints\b2GearJoint.cpp">
      <Filter>addons\ofxBox2d-stable\libs\Box2D\Dynamics\Joints</Filter>
    </ClCompile>
    <ClCompile Include="..\..\..\addons\ofxBox2d-stable\libs\Box2D\Dynamics\Joints\b2Joint.cpp">
      <Filter>addons\ofxBox2d-stable\libs\Box2D\Dynamics\Joints</Filter>
    </ClCompile>
    <ClCompile Include="..\..\..\addons\ofxBox2d-stable\libs\Box2D\Dynamics\Joints\b2MotorJoint.cpp">
      <Filter>addons\ofxBox2d-stable\libs\Box2D\Dynamics\Joints</Filter>
    </ClCompile>
    <ClCompile Include="..\..\..\addons\ofxBox2d-stable\libs\Box2D\Dynamics\Joints\b2MouseJoint.cpp">
      <Filter>addons\ofxBox2d-stable\libs\Box2D\Dynamics\Joints</Filter>
    </ClCompile>
    <ClCompile Include="..\..\..\addons\ofxBox2d-stable\libs\Box2D\Dynamics\Joints\b2PrismaticJoint.cpp">
      <Filter>addons\ofxBox2d-stable\libs\Box2D\Dynamics\Joints</Filter>
    </ClCompile>
    <ClCompile Include="..\..\..\addons\ofxBox2d-stable\libs\Box2D\Dynamics\Joints\b2PulleyJoint.cpp">
      <Filter>addons\ofxBox2d-stable\libs\Box2D\Dynamics\Joints</Filter>
    </ClCompile>
    <ClCompile Include="..\..\..\addons\ofxBox2d-stable\libs\Box2D\Dynamics\Joints\b2RevoluteJoint.cpp">
      <Filter>addons\ofxBox2d-stable\libs\Box2D\Dynamics\Joints</Filter>
    </ClCompile>
    <ClCompile Include="..\..\..\addons\ofxBox2d-stable\libs\Box2D\Dynamics\Joints\b2RopeJoint.cpp">
      <Filter>addons\ofxBox2d-stable\libs\Box2D\Dynamics\Joints</Filter>
    </ClCompile>
    <ClCompile Include="..\..\..\addons\ofxBox2d-stable\libs\Box2D\Dynamics\Joints\b2WeldJoint.cpp">
      <Filter>addons\ofxBox2d-stable\libs\Box2D\Dynamics\Joints</Filter>
    </ClCompile>
    <ClCompile Include="..\..\..\addons\ofxBox2d-stable\libs\Box2D\Dynamics\Joints\b2WheelJoint.cpp">
      <Filter>addons\ofxBox2d-stable\libs\Box2D\Dynamics\Joints</Filter>
    </ClCompile>
    <ClCompile Include="..\..\..\addons\ofxBox2d-stable\libs\Box2D\Rope\b2Rope.cpp">
      <Filter>addons\ofxBox2d-stable\libs\Box2D\Rope</Filter>
    </ClCompile>
    <ClCompile Include="..\..\..\addons\ofxBox2d-stable\libs\triangle\del_impl.cpp">
      <Filter>addons\ofxBox2d-stable\libs\triangle</Filter>
    </ClCompile>
    <ClCompile Include="..\..\..\addons\ofxGui\src\ofxBaseGui.cpp">
      <Filter>addons\ofxGui\src</Filter>
    </ClCompile>
    <ClCompile Include="..\..\..\addons\ofxGui\src\ofxButton.cpp">
      <Filter>addons\ofxGui\src</Filter>
    </ClCompile>
    <ClCompile Include="..\..\..\addons\ofxGui\src\ofxGuiGroup.cpp">
      <Filter>addons\ofxGui\src</Filter>
    </ClCompile>
    <ClCompile Include="..\..\..\addons\ofxGui\src\ofxLabel.cpp">
      <Filter>addons\ofxGui\src</Filter>
    </ClCompile>
    <ClCompile Include="..\..\..\addons\ofxGui\src\ofxPanel.cpp">
      <Filter>addons\ofxGui\src</Filter>
    </ClCompile>
    <ClCompile Include="..\..\..\addons\ofxGui\src\ofxSlider.cpp">
      <Filter>addons\ofxGui\src</Filter>
    </ClCompile>
    <ClCompile Include="..\..\..\addons\ofxGui\src\ofxSliderGroup.cpp">
      <Filter>addons\ofxGui\src</Filter>
    </ClCompile>
    <ClCompile Include="..\..\..\addons\ofxGui\src\ofxToggle.cpp">
      <Filter>addons\ofxGui\src</Filter>
    </ClCompile>
    <ClCompile Include="NEAT\experiments.cpp" />
    <ClCompile Include="NEAT\gene.cpp" />
    <ClCompile Include="NEAT\genome.cpp" />
    <ClCompile Include="NEAT\innovation.cpp" />
    <ClCompile Include="NEAT\link.cpp" />
    <ClCompile Include="NEAT\neat.cpp" />
    <ClCompile Include="NEAT\neatmain.cpp" />
    <ClCompile Include="NEAT\network.cpp" />
    <ClCompile Include="NEAT\nnode.cpp" />
    <ClCompile Include="NEAT\organism.cpp" />
    <ClCompile Include="NEAT\population.cpp" />
    <ClCompile Include="NEAT\species.cpp" />
    <ClCompile Include="NEAT\trait.cpp" />
  </ItemGroup>
  <ItemGroup>
    <Filter Include="src">
      <UniqueIdentifier>{d8376475-7454-4a24-b08a-aac121d3ad6f}</UniqueIdentifier>
    </Filter>
    <Filter Include="addons">
      <UniqueIdentifier>{71834F65-F3A9-211E-73B8-DC85}</UniqueIdentifier>
    </Filter>
    <Filter Include="addons\ofxBox2d-stable">
      <UniqueIdentifier>{551A8897-BEC4-9977-DE83-9E58}</UniqueIdentifier>
    </Filter>
    <Filter Include="addons\ofxBox2d-stable\src">
      <UniqueIdentifier>{D7478C47-0B1A-71E1-5581-5F53}</UniqueIdentifier>
    </Filter>
    <Filter Include="addons\ofxBox2d-stable\libs">
      <UniqueIdentifier>{AF8E6BF1-278E-4C12-4A17-269E}</UniqueIdentifier>
    </Filter>
    <Filter Include="addons\ofxBox2d-stable\libs\Box2D">
      <UniqueIdentifier>{CF49740B-7FE3-C8F6-26E3-9643}</UniqueIdentifier>
    </Filter>
    <Filter Include="addons\ofxBox2d-stable\libs\Box2D\Collision">
      <UniqueIdentifier>{6C11258C-6961-C07E-0F9C-BCD9}</UniqueIdentifier>
    </Filter>
    <Filter Include="addons\ofxBox2d-stable\libs\Box2D\Collision\Shapes">
      <UniqueIdentifier>{34AB36AA-B01A-11D1-3163-D1AE}</UniqueIdentifier>
    </Filter>
    <Filter Include="addons\ofxBox2d-stable\libs\Box2D\Common">
      <UniqueIdentifier>{3660A529-25D1-2821-1F7C-D3CC}</UniqueIdentifier>
    </Filter>
    <Filter Include="addons\ofxBox2d-stable\libs\Box2D\Dynamics">
      <UniqueIdentifier>{EB8B1521-77D3-ADB9-0CBD-9D0C}</UniqueIdentifier>
    </Filter>
    <Filter Include="addons\ofxBox2d-stable\libs\Box2D\Dynamics\Contacts">
      <UniqueIdentifier>{6574BDCC-3C84-7D69-CD5F-8741}</UniqueIdentifier>
    </Filter>
    <Filter Include="addons\ofxBox2d-stable\libs\Box2D\Dynamics\Joints">
      <UniqueIdentifier>{14A25705-1EA8-BD4F-B80F-D9E1}</UniqueIdentifier>
    </Filter>
    <Filter Include="addons\ofxBox2d-stable\libs\Box2D\Rope">
      <UniqueIdentifier>{3891ED94-AA38-5B9C-95FF-01DA}</UniqueIdentifier>
    </Filter>
    <Filter Include="addons\ofxBox2d-stable\libs\triangle">
      <UniqueIdentifier>{A90EFE7C-C16D-4426-00E6-CF9E}</UniqueIdentifier>
    </Filter>
    <Filter Include="addons\ofxGui">
      <UniqueIdentifier>{4F2A59AF-5F4E-704B-D067-EC13}</UniqueIdentifier>
    </Filter>
    <Filter Include="addons\ofxGui\src">
      <UniqueIdentifier>{645E9533-4DCD-6179-1CDF-CB65}</UniqueIdentifier>
    </Filter>
  </ItemGroup>
  <ItemGroup>
    <ClInclude Include="src\ofApp.h">
      <Filter>src</Filter>
    </ClInclude>
    <ClInclude Include="src\ai.h">
      <Filter>src</Filter>
    </ClInclude>
    <ClInclude Include="src\car.h">
      <Filter>src</Filter>
    </ClInclude>
    <ClInclude Include="src\ofApp.h">
      <Filter>src</Filter>
    </ClInclude>
    <ClInclude Include="src\track.h">
      <Filter>src</Filter>
    </ClInclude>
    <ClInclude Include="..\..\..\addons\ofxBox2d-stable\src\ofxBox2d.h">
      <Filter>addons\ofxBox2d-stable\src</Filter>
    </ClInclude>
    <ClInclude Include="..\..\..\addons\ofxBox2d-stable\src\ofxBox2dBaseShape.h">
      <Filter>addons\ofxBox2d-stable\src</Filter>
    </ClInclude>
    <ClInclude Include="..\..\..\addons\ofxBox2d-stable\src\ofxBox2dCircle.h">
      <Filter>addons\ofxBox2d-stable\src</Filter>
    </ClInclude>
    <ClInclude Include="..\..\..\addons\ofxBox2d-stable\src\ofxBox2dContactListener.h">
      <Filter>addons\ofxBox2d-stable\src</Filter>
    </ClInclude>
    <ClInclude Include="..\..\..\addons\ofxBox2d-stable\src\ofxBox2dConvexPoly.h">
      <Filter>addons\ofxBox2d-stable\src</Filter>
    </ClInclude>
    <ClInclude Include="..\..\..\addons\ofxBox2d-stable\src\ofxBox2dEdge.h">
      <Filter>addons\ofxBox2d-stable\src</Filter>
    </ClInclude>
    <ClInclude Include="..\..\..\addons\ofxBox2d-stable\src\ofxBox2dJoint.h">
      <Filter>addons\ofxBox2d-stable\src</Filter>
    </ClInclude>
    <ClInclude Include="..\..\..\addons\ofxBox2d-stable\src\ofxBox2dPolygon.h">
      <Filter>addons\ofxBox2d-stable\src</Filter>
    </ClInclude>
    <ClInclude Include="..\..\..\addons\ofxBox2d-stable\src\ofxBox2dPolygonUtils.h">
      <Filter>addons\ofxBox2d-stable\src</Filter>
    </ClInclude>
    <ClInclude Include="..\..\..\addons\ofxBox2d-stable\src\ofxBox2dRect.h">
      <Filter>addons\ofxBox2d-stable\src</Filter>
    </ClInclude>
    <ClInclude Include="..\..\..\addons\ofxBox2d-stable\src\ofxBox2dRender.h">
      <Filter>addons\ofxBox2d-stable\src</Filter>
    </ClInclude>
    <ClInclude Include="..\..\..\addons\ofxBox2d-stable\src\ofxBox2dUtils.h">
      <Filter>addons\ofxBox2d-stable\src</Filter>
    </ClInclude>
    <ClInclude Include="..\..\..\addons\ofxBox2d-stable\libs\Box2D\Box2D.h">
      <Filter>addons\ofxBox2d-stable\libs\Box2D</Filter>
    </ClInclude>
    <ClInclude Include="..\..\..\addons\ofxBox2d-stable\libs\Box2D\Collision\b2BroadPhase.h">
      <Filter>addons\ofxBox2d-stable\libs\Box2D\Collision</Filter>
    </ClInclude>
    <ClInclude Include="..\..\..\addons\ofxBox2d-stable\libs\Box2D\Collision\b2Collision.h">
      <Filter>addons\ofxBox2d-stable\libs\Box2D\Collision</Filter>
    </ClInclude>
    <ClInclude Include="..\..\..\addons\ofxBox2d-stable\libs\Box2D\Collision\b2Distance.h">
      <Filter>addons\ofxBox2d-stable\libs\Box2D\Collision</Filter>
    </ClInclude>
    <ClInclude Include="..\..\..\addons\ofxBox2d-stable\libs\Box2D\Collision\b2DynamicTree.h">
      <Filter>addons\ofxBox2d-stable\libs\Box2D\Collision</Filter>
    </ClInclude>
    <ClInclude Include="..\..\..\addons\ofxBox2d-stable\libs\Box2D\Collision\b2TimeOfImpact.h">
      <Filter>addons\ofxBox2d-stable\libs\Box2D\Collision</Filter>
    </ClInclude>
    <ClInclude Include="..\..\..\addons\ofxBox2d-stable\libs\Box2D\Collision\Shapes\b2ChainShape.h">
      <Filter>addons\ofxBox2d-stable\libs\Box2D\Collision\Shapes</Filter>
    </ClInclude>
    <ClInclude Include="..\..\..\addons\ofxBox2d-stable\libs\Box2D\Collision\Shapes\b2CircleShape.h">
      <Filter>addons\ofxBox2d-stable\libs\Box2D\Collision\Shapes</Filter>
    </ClInclude>
    <ClInclude Include="..\..\..\addons\ofxBox2d-stable\libs\Box2D\Collision\Shapes\b2EdgeShape.h">
      <Filter>addons\ofxBox2d-stable\libs\Box2D\Collision\Shapes</Filter>
    </ClInclude>
    <ClInclude Include="..\..\..\addons\ofxBox2d-stable\libs\Box2D\Collision\Shapes\b2PolygonShape.h">
      <Filter>addons\ofxBox2d-stable\libs\Box2D\Collision\Shapes</Filter>
    </ClInclude>
    <ClInclude Include="..\..\..\addons\ofxBox2d-stable\libs\Box2D\Collision\Shapes\b2Shape.h">
      <Filter>addons\ofxBox2d-stable\libs\Box2D\Collision\Shapes</Filter>
    </ClInclude>
    <ClInclude Include="..\..\..\addons\ofxBox2d-stable\libs\Box2D\Common\b2BlockAllocator.h">
      <Filter>addons\ofxBox2d-stable\libs\Box2D\Common</Filter>
    </ClInclude>
    <ClInclude Include="..\..\..\addons\ofxBox2d-stable\libs\Box2D\Common\b2Draw.h">
      <Filter>addons\ofxBox2d-stable\libs\Box2D\Common</Filter>
    </ClInclude>
    <ClInclude Include="..\..\..\addons\ofxBox2d-stable\libs\Box2D\Common\b2GrowableStack.h">
      <Filter>addons\ofxBox2d-stable\libs\Box2D\Common</Filter>
    </ClInclude>
    <ClInclude Include="..\..\..\addons\ofxBox2d-stable\libs\Box2D\Common\b2Math.h">
      <Filter>addons\ofxBox2d-stable\libs\Box2D\Common</Filter>
    </ClInclude>
    <ClInclude Include="..\..\..\addons\ofxBox2d-stable\libs\Box2D\Common\b2Settings.h">
      <Filter>addons\ofxBox2d-stable\libs\Box2D\Common</Filter>
    </ClInclude>
    <ClInclude Include="..\..\..\addons\ofxBox2d-stable\libs\Box2D\Common\b2StackAllocator.h">
      <Filter>addons\ofxBox2d-stable\libs\Box2D\Common</Filter>
    </ClInclude>
    <ClInclude Include="..\..\..\addons\ofxBox2d-stable\libs\Box2D\Common\b2Timer.h">
      <Filter>addons\ofxBox2d-stable\libs\Box2D\Common</Filter>
    </ClInclude>
    <ClInclude Include="..\..\..\addons\ofxBox2d-stable\libs\Box2D\Dynamics\b2Body.h">
      <Filter>addons\ofxBox2d-stable\libs\Box2D\Dynamics</Filter>
    </ClInclude>
    <ClInclude Include="..\..\..\addons\ofxBox2d-stable\libs\Box2D\Dynamics\b2ContactManager.h">
      <Filter>addons\ofxBox2d-stable\libs\Box2D\Dynamics</Filter>
    </ClInclude>
    <ClInclude Include="..\..\..\addons\ofxBox2d-stable\libs\Box2D\Dynamics\b2Fixture.h">
      <Filter>addons\ofxBox2d-stable\libs\Box2D\Dynamics</Filter>
    </ClInclude>
    <ClInclude Include="..\..\..\addons\ofxBox2d-stable\libs\Box2D\Dynamics\b2Island.h">
      <Filter>addons\ofxBox2d-stable\libs\Box2D\Dynamics</Filter>
    </ClInclude>
    <ClInclude Include="..\..\..\addons\ofxBox2d-stable\libs\Box2D\Dynamics\b2TimeStep.h">
      <Filter>addons\ofxBox2d-stable\libs\Box2D\Dynamics</Filter>
    </ClInclude>
    <ClInclude Include="..\..\..\addons\ofxBox2d-stable\libs\Box2D\Dynamics\b2World.h">
      <Filter>addons\ofxBox2d-stable\libs\Box2D\Dynamics</Filter>
    </ClInclude>
    <ClInclude Include="..\..\..\addons\ofxBox2d-stable\libs\Box2D\Dynamics\b2WorldCallbacks.h">
      <Filter>addons\ofxBox2d-stable\libs\Box2D\Dynamics</Filter>
    </ClInclude>
    <ClInclude Include="..\..\..\addons\ofxBox2d-stable\libs\Box2D\Dynamics\Contacts\b2ChainAndCircleContact.h">
      <Filter>addons\ofxBox2d-stable\libs\Box2D\Dynamics\Contacts</Filter>
    </ClInclude>
    <ClInclude Include="..\..\..\addons\ofxBox2d-stable\libs\Box2D\Dynamics\Contacts\b2ChainAndPolygonContact.h">
      <Filter>addons\ofxBox2d-stable\libs\Box2D\Dynamics\Contacts</Filter>
    </ClInclude>
    <ClInclude Include="..\..\..\addons\ofxBox2d-stable\libs\Box2D\Dynamics\Contacts\b2CircleContact.h">
      <Filter>addons\ofxBox2d-stable\libs\Box2D\Dynamics\Contacts</Filter>
    </ClInclude>
    <ClInclude Include="..\..\..\addons\ofxBox2d-stable\libs\Box2D\Dynamics\Contacts\b2Contact.h">
      <Filter>addons\ofxBox2d-stable\libs\Box2D\Dynamics\Contacts</Filter>
    </ClInclude>
    <ClInclude Include="..\..\..\addons\ofxBox2d-stable\libs\Box2D\Dynamics\Contacts\b2ContactSolver.h">
      <Filter>addons\ofxBox2d-stable\libs\Box2D\Dynamics\Contacts</Filter>
    </ClInclude>
    <ClInclude Include="..\..\..\addons\ofxBox2d-stable\libs\Box2D\Dynamics\Contacts\b2EdgeAndCircleContact.h">
      <Filter>addons\ofxBox2d-stable\libs\Box2D\Dynamics\Contacts</Filter>
    </ClInclude>
    <ClInclude Include="..\..\..\addons\ofxBox2d-stable\libs\Box2D\Dynamics\Contacts\b2EdgeAndPolygonContact.h">
      <Filter>addons\ofxBox2d-stable\libs\Box2D\Dynamics\Contacts</Filter>
    </ClInclude>
    <ClInclude Include="..\..\..\addons\ofxBox2d-stable\libs\Box2D\Dynamics\Contacts\b2PolygonAndCircleContact.h">
      <Filter>addons\ofxBox2d-stable\libs\Box2D\Dynamics\Contacts</Filter>
    </ClInclude>
    <ClInclude Include="..\..\..\addons\ofxBox2d-stable\libs\Box2D\Dynamics\Contacts\b2PolygonContact.h">
      <Filter>addons\ofxBox2d-stable\libs\Box2D\Dynamics\Contacts</Filter>
    </ClInclude>
    <ClInclude Include="..\..\..\addons\ofxBox2d-stable\libs\Box2D\Dynamics\Joints\b2DistanceJoint.h">
      <Filter>addons\ofxBox2d-stable\libs\Box2D\Dynamics\Joints</Filter>
    </ClInclude>
    <ClInclude Include="..\..\..\addons\ofxBox2d-stable\libs\Box2D\Dynamics\Joints\b2FrictionJoint.h">
      <Filter>addons\ofxBox2d-stable\libs\Box2D\Dynamics\Joints</Filter>
    </ClInclude>
    <ClInclude Include="..\..\..\addons\ofxBox2d-stable\libs\Box2D\Dynamics\Joints\b2GearJoint.h">
      <Filter>addons\ofxBox2d-stable\libs\Box2D\Dynamics\Joints</Filter>
    </ClInclude>
    <ClInclude Include="..\..\..\addons\ofxBox2d-stable\libs\Box2D\Dynamics\Joints\b2Joint.h">
      <Filter>addons\ofxBox2d-stable\libs\Box2D\Dynamics\Joints</Filter>
    </ClInclude>
    <ClInclude Include="..\..\..\addons\ofxBox2d-stable\libs\Box2D\Dynamics\Joints\b2MotorJoint.h">
      <Filter>addons\ofxBox2d-stable\libs\Box2D\Dynamics\Joints</Filter>
    </ClInclude>
    <ClInclude Include="..\..\..\addons\ofxBox2d-stable\libs\Box2D\Dynamics\Joints\b2MouseJoint.h">
      <Filter>addons\ofxBox2d-stable\libs\Box2D\Dynamics\Joints</Filter>
    </ClInclude>
    <ClInclude Include="..\..\..\addons\ofxBox2d-stable\libs\Box2D\Dynamics\Joints\b2PrismaticJoint.h">
      <Filter>addons\ofxBox2d-stable\libs\Box2D\Dynamics\Joints</Filter>
    </ClInclude>
    <ClInclude Include="..\..\..\addons\ofxBox2d-stable\libs\Box2D\Dynamics\Joints\b2PulleyJoint.h">
      <Filter>addons\ofxBox2d-stable\libs\Box2D\Dynamics\Joints</Filter>
    </ClInclude>
    <ClInclude Include="..\..\..\addons\ofxBox2d-stable\libs\Box2D\Dynamics\Joints\b2RevoluteJoint.h">
      <Filter>addons\ofxBox2d-stable\libs\Box2D\Dynamics\Joints</Filter>
    </ClInclude>
    <ClInclude Include="..\..\..\addons\ofxBox2d-stable\libs\Box2D\Dynamics\Joints\b2RopeJoint.h">
      <Filter>addons\ofxBox2d-stable\libs\Box2D\Dynamics\Joints</Filter>
    </ClInclude>
    <ClInclude Include="..\..\..\addons\ofxBox2d-stable\libs\Box2D\Dynamics\Joints\b2WeldJoint.h">
      <Filter>addons\ofxBox2d-stable\libs\Box2D\Dynamics\Joints</Filter>
    </ClInclude>
    <ClInclude Include="..\..\..\addons\ofxBox2d-stable\libs\Box2D\Dynamics\Joints\b2WheelJoint.h">
      <Filter>addons\ofxBox2d-stable\libs\Box2D\Dynamics\Joints</Filter>
    </ClInclude>
    <ClInclude Include="..\..\..\addons\ofxBox2d-stable\libs\Box2D\Rope\b2Rope.h">
      <Filter>addons\ofxBox2d-stable\libs\Box2D\Rope</Filter>
    </ClInclude>
    <ClInclude Include="..\..\..\addons\ofxBox2d-stable\libs\triangle\assert.hpp">
      <Filter>addons\ofxBox2d-stable\libs\triangle</Filter>
    </ClInclude>
    <ClInclude Include="..\..\..\addons\ofxBox2d-stable\libs\triangle\del_interface.hpp">
      <Filter>addons\ofxBox2d-stable\libs\triangle</Filter>
    </ClInclude>
    <ClInclude Include="..\..\..\addons\ofxBox2d-stable\libs\triangle\dpoint.hpp">
      <Filter>addons\ofxBox2d-stable\libs\triangle</Filter>
    </ClInclude>
    <ClInclude Include="..\..\..\addons\ofxBox2d-stable\libs\triangle\triangle.h">
      <Filter>addons\ofxBox2d-stable\libs\triangle</Filter>
    </ClInclude>
    <ClInclude Include="..\..\..\addons\ofxBox2d-stable\libs\triangle\triangle_impl.hpp">
      <Filter>addons\ofxBox2d-stable\libs\triangle</Filter>
    </ClInclude>
    <ClInclude Include="..\..\..\addons\ofxGui\src\ofxBaseGui.h">
      <Filter>addons\ofxGui\src</Filter>
    </ClInclude>
    <ClInclude Include="..\..\..\addons\ofxGui\src\ofxButton.h">
      <Filter>addons\ofxGui\src</Filter>
    </ClInclude>
    <ClInclude Include="..\..\..\addons\ofxGui\src\ofxGui.h">
      <Filter>addons\ofxGui\src</Filter>
    </ClInclude>
    <ClInclude Include="..\..\..\addons\ofxGui\src\ofxGuiGroup.h">
      <Filter>addons\ofxGui\src</Filter>
    </ClInclude>
    <ClInclude Include="..\..\..\addons\ofxGui\src\ofxLabel.h">
      <Filter>addons\ofxGui\src</Filter>
    </ClInclude>
    <ClInclude Include="..\..\..\addons\ofxGui\src\ofxPanel.h">
      <Filter>addons\ofxGui\src</Filter>
    </ClInclude>
    <ClInclude Include="..\..\..\addons\ofxGui\src\ofxSlider.h">
      <Filter>addons\ofxGui\src</Filter>
    </ClInclude>
    <ClInclude Include="..\..\..\addons\ofxGui\src\ofxSliderGroup.h">
      <Filter>addons\ofxGui\src</Filter>
    </ClInclude>
    <ClInclude Include="..\..\..\addons\ofxGui\src\ofxToggle.h">
      <Filter>addons\ofxGui\src</Filter>
    </ClInclude>
    <ClInclude Include="NEAT\experiments.h" />
    <ClInclude Include="NEAT\gene.h" />
    <ClInclude Include="NEAT\genome.h" />
    <ClInclude Include="NEAT\innovation.h" />
    <ClInclude Include="NEAT\link.h" />
    <ClInclude Include="NEAT\neat.h" />
    <ClInclude Include="NEAT\neatmain.h" />
    <ClInclude Include="NEAT\network.h" />
    <ClInclude Include="NEAT\nnode.h" />
    <ClInclude Include="NEAT\organism.h" />
    <ClInclude Include="NEAT\population.h" />
    <ClInclude Include="NEAT\species.h" />
    <ClInclude Include="NEAT\trait.h" />
  </ItemGroup>
</Project>